
Microsoft Visual Studio Solution File, Format Version 12.00
# Visual Studio Version 17
VisualStudioVersion = 17.0.31919.166
MinimumVisualStudioVersion = 10.0.40219.1
Project("{FAE04EC0-301F-11D3-BF4B-00C04F79EFBC}") = "DotnetTemplate.WebApi", "DotnetTemplate.WebApi\DotnetTemplate.WebApi.csproj", "{49768D46-97F3-48B8-A18D-C830C6BDBDE2}"
EndProject
Project("{2150E333-8FDC-42A3-9474-1A3956D46DE8}") = "1 - Client", "1 - Client", "{22B6264B-0E61-4727-BE2A-E835D44BA866}"
EndProject
Project("{2150E333-8FDC-42A3-9474-1A3956D46DE8}") = "2 - Application", "2 - Application", "{4279732E-89E9-4122-BCF3-68D09F2DFFC0}"
EndProject
Project("{2150E333-8FDC-42A3-9474-1A3956D46DE8}") = "3 - Domain", "3 - Domain", "{99409A71-9407-4140-9843-BF2397551B8F}"
EndProject
Project("{2150E333-8FDC-42A3-9474-1A3956D46DE8}") = "4 - Infra", "4 - Infra", "{3975CA54-67FE-4761-B9FC-1F2A19DA9ED9}"
EndProject
Project("{FAE04EC0-301F-11D3-BF4B-00C04F79EFBC}") = "DotnetTemplate.Domain", "DotnetTemplate.Domain\DotnetTemplate.Domain.csproj", "{5C504607-53E9-42AC-B951-77373C09E5F7}"
EndProject
Project("{FAE04EC0-301F-11D3-BF4B-00C04F79EFBC}") = "DotnetTemplate.ApplicationService", "DotnetTemplate.ApplicationService\DotnetTemplate.ApplicationService.csproj", "{C77D5779-D175-4020-BCB2-8A74C2C0130D}"
EndProject
Project("{2150E333-8FDC-42A3-9474-1A3956D46DE8}") = "4.1 - CrossCutting", "4.1 - CrossCutting", "{8A9FE0F4-5F8A-45D6-A18A-5104DAFE7C05}"
EndProject
Project("{2150E333-8FDC-42A3-9474-1A3956D46DE8}") = "4.2 - Data", "4.2 - Data", "{4ADA0A28-67EE-422A-947D-DF5F3002BA27}"
EndProject
Project("{FAE04EC0-301F-11D3-BF4B-00C04F79EFBC}") = "DotnetTemplate.Infra.CrossCutting.Ioc", "DotnetTemplate.CrossCutting.Ioc\DotnetTemplate.Infra.CrossCutting.Ioc.csproj", "{3B97A2B9-A1FF-45C8-964D-50AE6849ED24}"
EndProject
Project("{FAE04EC0-301F-11D3-BF4B-00C04F79EFBC}") = "DotnetTemplate.Infra.Data.Postgres", "DotnetTemplate.Infra.Data.Postgres\DotnetTemplate.Infra.Data.Postgres.csproj", "{266C5EAA-CCED-4639-AE67-543FD261BCA7}"
EndProject
Project("{FAE04EC0-301F-11D3-BF4B-00C04F79EFBC}") = "DotnetTemplate.Infra.CrossCutting.Identity", "DotnetTemplate.Infra.CrossCutting.Identity\DotnetTemplate.Infra.CrossCutting.Identity.csproj", "{74F6F032-E7C3-439C-884B-D68CB3572F71}"
EndProject
Global
	GlobalSection(SolutionConfigurationPlatforms) = preSolution
		Debug|Any CPU = Debug|Any CPU
		Release|Any CPU = Release|Any CPU
	EndGlobalSection
	GlobalSection(ProjectConfigurationPlatforms) = postSolution
		{49768D46-97F3-48B8-A18D-C830C6BDBDE2}.Debug|Any CPU.ActiveCfg = Debug|Any CPU
		{49768D46-97F3-48B8-A18D-C830C6BDBDE2}.Debug|Any CPU.Build.0 = Debug|Any CPU
		{49768D46-97F3-48B8-A18D-C830C6BDBDE2}.Release|Any CPU.ActiveCfg = Release|Any CPU
		{49768D46-97F3-48B8-A18D-C830C6BDBDE2}.Release|Any CPU.Build.0 = Release|Any CPU
		{5C504607-53E9-42AC-B951-77373C09E5F7}.Debug|Any CPU.ActiveCfg = Debug|Any CPU
		{5C504607-53E9-42AC-B951-77373C09E5F7}.Debug|Any CPU.Build.0 = Debug|Any CPU
		{5C504607-53E9-42AC-B951-77373C09E5F7}.Release|Any CPU.ActiveCfg = Release|Any CPU
		{5C504607-53E9-42AC-B951-77373C09E5F7}.Release|Any CPU.Build.0 = Release|Any CPU
		{C77D5779-D175-4020-BCB2-8A74C2C0130D}.Debug|Any CPU.ActiveCfg = Debug|Any CPU
		{C77D5779-D175-4020-BCB2-8A74C2C0130D}.Debug|Any CPU.Build.0 = Debug|Any CPU
		{C77D5779-D175-4020-BCB2-8A74C2C0130D}.Release|Any CPU.ActiveCfg = Release|Any CPU
		{C77D5779-D175-4020-BCB2-8A74C2C0130D}.Release|Any CPU.Build.0 = Release|Any CPU
		{3B97A2B9-A1FF-45C8-964D-50AE6849ED24}.Debug|Any CPU.ActiveCfg = Debug|Any CPU
		{3B97A2B9-A1FF-45C8-964D-50AE6849ED24}.Debug|Any CPU.Build.0 = Debug|Any CPU
		{3B97A2B9-A1FF-45C8-964D-50AE6849ED24}.Release|Any CPU.ActiveCfg = Release|Any CPU
		{3B97A2B9-A1FF-45C8-964D-50AE6849ED24}.Release|Any CPU.Build.0 = Release|Any CPU
		{266C5EAA-CCED-4639-AE67-543FD261BCA7}.Debug|Any CPU.ActiveCfg = Debug|Any CPU
		{266C5EAA-CCED-4639-AE67-543FD261BCA7}.Debug|Any CPU.Build.0 = Debug|Any CPU
		{266C5EAA-CCED-4639-AE67-543FD261BCA7}.Release|Any CPU.ActiveCfg = Release|Any CPU
		{266C5EAA-CCED-4639-AE67-543FD261BCA7}.Release|Any CPU.Build.0 = Release|Any CPU
		{74F6F032-E7C3-439C-884B-D68CB3572F71}.Debug|Any CPU.ActiveCfg = Debug|Any CPU
		{74F6F032-E7C3-439C-884B-D68CB3572F71}.Debug|Any CPU.Build.0 = Debug|Any CPU
		{74F6F032-E7C3-439C-884B-D68CB3572F71}.Release|Any CPU.ActiveCfg = Release|Any CPU
		{74F6F032-E7C3-439C-884B-D68CB3572F71}.Release|Any CPU.Build.0 = Release|Any CPU
	EndGlobalSection
	GlobalSection(SolutionProperties) = preSolution
		HideSolutionNode = FALSE
	EndGlobalSection
	GlobalSection(NestedProjects) = preSolution
		{49768D46-97F3-48B8-A18D-C830C6BDBDE2} = {22B6264B-0E61-4727-BE2A-E835D44BA866}
		{5C504607-53E9-42AC-B951-77373C09E5F7} = {99409A71-9407-4140-9843-BF2397551B8F}
		{C77D5779-D175-4020-BCB2-8A74C2C0130D} = {4279732E-89E9-4122-BCF3-68D09F2DFFC0}
		{8A9FE0F4-5F8A-45D6-A18A-5104DAFE7C05} = {3975CA54-67FE-4761-B9FC-1F2A19DA9ED9}
		{4ADA0A28-67EE-422A-947D-DF5F3002BA27} = {3975CA54-67FE-4761-B9FC-1F2A19DA9ED9}
		{3B97A2B9-A1FF-45C8-964D-50AE6849ED24} = {8A9FE0F4-5F8A-45D6-A18A-5104DAFE7C05}
		{266C5EAA-CCED-4639-AE67-543FD261BCA7} = {4ADA0A28-67EE-422A-947D-DF5F3002BA27}
		{74F6F032-E7C3-439C-884B-D68CB3572F71} = {8A9FE0F4-5F8A-45D6-A18A-5104DAFE7C05}
	EndGlobalSection
	GlobalSection(ExtensibilityGlobals) = postSolution
		SolutionGuid = {0420B752-8977-4DA4-AD51-D0B7311AC143}
	EndGlobalSection
EndGlobal
